
Microsoft Visual Studio Solution File, Format Version 12.00
# Visual Studio 15
VisualStudioVersion = 15.0.28307.106
MinimumVisualStudioVersion = 10.0.40219.1
Project("{FAE04EC0-301F-11D3-BF4B-00C04F79EFBC}") = "Auti", "ConsoleApp2\Auti.csproj", "{791DDF84-F0DC-47AA-902C-064715F7653B}"
EndProject
Global
	GlobalSection(SolutionConfigurationPlatforms) = preSolution
		Debug|Any CPU = Debug|Any CPU
		Release|Any CPU = Release|Any CPU
	EndGlobalSection
	GlobalSection(ProjectConfigurationPlatforms) = postSolution
		{791DDF84-F0DC-47AA-902C-064715F7653B}.Debug|Any CPU.ActiveCfg = Debug|Any CPU
		{791DDF84-F0DC-47AA-902C-064715F7653B}.Debug|Any CPU.Build.0 = Debug|Any CPU
		{791DDF84-F0DC-47AA-902C-064715F7653B}.Release|Any CPU.ActiveCfg = Release|Any CPU
		{791DDF84-F0DC-47AA-902C-064715F7653B}.Release|Any CPU.Build.0 = Release|Any CPU
	EndGlobalSection
	GlobalSection(SolutionProperties) = preSolution
		HideSolutionNode = FALSE
	EndGlobalSection
	GlobalSection(ExtensibilityGlobals) = postSolution
		SolutionGuid = {87A835EC-0E2D-4993-A2D4-770CB5B25192}
	EndGlobalSection
EndGlobal
